{
  "name": "materials-selection-projects-lambda",
  "version": "1.0.0",
  "lockfileVersion": 3,
  "requires": true,
  "packages": {
    "": {
      "name": "materials-selection-projects-lambda",
      "version": "1.0.0",
      "dependencies": {
        "@aws-sdk/client-dynamodb": "^3.x",
        "@aws-sdk/lib-dynamodb": "^3.x",
        "@microsoft/microsoft-graph-client": "^3.0.7",
        "isomorphic-fetch": "^3.0.0"
      }
    },
    "node_modules/@aws-crypto/sha256-browser": {
      "version": "5.2.0",
      "license": "Apache-2.0",
      "dependencies": {
        "@aws-crypto/sha256-js": "^5.2.0",
        "@aws-crypto/supports-web-crypto": "^5.2.0",
        "@aws-crypto/util": "^5.2.0",
        "@aws-sdk/types": "^3.222.0",
        "@aws-sdk/util-locate-window": "^3.0.0",
        "@smithy/util-utf8": "^2.0.0",
        "tslib": "^2.6.2"
      }
    },
    "node_modules/@aws-crypto/sha256-browser/node_modules/@smithy/is-array-buffer": {
      "version": "2.2.0",
      "license": "Apache-2.0",
      "dependencies": {
        "tslib": "^2.6.2"
      },
      "engines": {
        "node": ">=14.0.0"
      }
    },
    "node_modules/@aws-crypto/sha256-browser/node_modules/@smithy/util-buffer-from": {
      "version": "2.2.0",
      "license": "Apache-2.0",
      "dependencies": {
        "@smithy/is-array-buffer": "^2.2.0",
        "tslib": "^2.6.2"
      },
      "engines": {
        "node": ">=14.0.0"
      }
    },
    "node_modules/@aws-crypto/sha256-browser/node_modules/@smithy/util-utf8": {
      "version": "2.3.0",
      "license": "Apache-2.0",
      "dependencies": {
        "@smithy/util-buffer-from": "^2.2.0",
        "tslib": "^2.6.2"
      },
      "engines": {
        "node": ">=14.0.0"
      }
    },
    "node_modules/@aws-crypto/sha256-js": {
      "version": "5.2.0",
      "license": "Apache-2.0",
      "dependencies": {
        "@aws-crypto/util": "^5.2.0",
        "@aws-sdk/types": "^3.222.0",
        "tslib": "^2.6.2"
      },
      "engines": {
        "node": ">=16.0.0"
      }
    },
    "node_modules/@aws-crypto/supports-web-crypto": {
      "version": "5.2.0",
      "license": "Apache-2.0",
      "dependencies": {
        "tslib": "^2.6.2"
      }
    },
    "node_modules/@aws-crypto/util": {
      "version": "5.2.0",
      "license": "Apache-2.0",
      "dependencies": {
        "@aws-sdk/types": "^3.222.0",
        "@smithy/util-utf8": "^2.0.0",
        "tslib": "^2.6.2"
      }
    },
    "node_modules/@aws-crypto/util/node_modules/@smithy/is-array-buffer": {
      "version": "2.2.0",
      "license": "Apache-2.0",
      "dependencies": {
        "tslib": "^2.6.2"
      },
      "engines": {
        "node": ">=14.0.0"
      }
    },
    "node_modules/@aws-crypto/util/node_modules/@smithy/util-buffer-from": {
      "version": "2.2.0",
      "license": "Apache-2.0",
      "dependencies": {
        "@smithy/is-array-buffer": "^2.2.0",
        "tslib": "^2.6.2"
      },
      "engines": {
        "node": ">=14.0.0"
      }
    },
    "node_modules/@aws-crypto/util/node_modules/@smithy/util-utf8": {
      "version": "2.3.0",
      "license": "Apache-2.0",
      "dependencies": {
        "@smithy/util-buffer-from": "^2.2.0",
        "tslib": "^2.6.2"
      },
      "engines": {
        "node": ">=14.0.0"
      }
    },
    "node_modules/@aws-sdk/client-dynamodb": {
      "version": "3.1005.0",
      "resolved": "https://registry.npmjs.org/@aws-sdk/client-dynamodb/-/client-dynamodb-3.1005.0.tgz",
      "integrity": "sha512-lPkeRwkXhXEjyO3YENmxseFMfAQQAjecT9BjohoZqurvceLrqTml94Dt84OYtJpAvAVQua5SK7rOrjk2vEeU5A==",
      "license": "Apache-2.0",
      "peer": true,
      "dependencies": {
        "@aws-crypto/sha256-browser": "5.2.0",
        "@aws-crypto/sha256-js": "5.2.0",
        "@aws-sdk/core": "^3.973.19",
        "@aws-sdk/credential-provider-node": "^3.972.19",
        "@aws-sdk/dynamodb-codec": "^3.972.20",
        "@aws-sdk/middleware-endpoint-discovery": "^3.972.7",
        "@aws-sdk/middleware-host-header": "^3.972.7",
        "@aws-sdk/middleware-logger": "^3.972.7",
        "@aws-sdk/middleware-recursion-detection": "^3.972.7",
        "@aws-sdk/middleware-user-agent": "^3.972.20",
        "@aws-sdk/region-config-resolver": "^3.972.7",
        "@aws-sdk/types": "^3.973.5",
        "@aws-sdk/util-endpoints": "^3.996.4",
        "@aws-sdk/util-user-agent-browser": "^3.972.7",
        "@aws-sdk/util-user-agent-node": "^3.973.5",
        "@smithy/config-resolver": "^4.4.10",
        "@smithy/core": "^3.23.9",
        "@smithy/fetch-http-handler": "^5.3.13",
        "@smithy/hash-node": "^4.2.11",
        "@smithy/invalid-dependency": "^4.2.11",
        "@smithy/middleware-content-length": "^4.2.11",
        "@smithy/middleware-endpoint": "^4.4.23",
        "@smithy/middleware-retry": "^4.4.40",
        "@smithy/middleware-serde": "^4.2.12",
        "@smithy/middleware-stack": "^4.2.11",
        "@smithy/node-config-provider": "^4.3.11",
        "@smithy/node-http-handler": "^4.4.14",
        "@smithy/protocol-http": "^5.3.11",
        "@smithy/smithy-client": "^4.12.3",
        "@smithy/types": "^4.13.0",
        "@smithy/url-parser": "^4.2.11",
        "@smithy/util-base64": "^4.3.2",
        "@smithy/util-body-length-browser": "^4.2.2",
        "@smithy/util-body-length-node": "^4.2.3",
        "@smithy/util-defaults-mode-browser": "^4.3.39",
        "@smithy/util-defaults-mode-node": "^4.2.42",
        "@smithy/util-endpoints": "^3.3.2",
        "@smithy/util-middleware": "^4.2.11",
        "@smithy/util-retry": "^4.2.11",
        "@smithy/util-utf8": "^4.2.2",
        "@smithy/util-waiter": "^4.2.11",
        "tslib": "^2.6.2"
      },
      "engines": {
        "node": ">=20.0.0"
      }
    },
    "node_modules/@aws-sdk/core": {
      "version": "3.973.19",
      "resolved": "https://registry.npmjs.org/@aws-sdk/core/-/core-3.973.19.tgz",
      "integrity": "sha512-56KePyOcZnKTWCd89oJS1G6j3HZ9Kc+bh/8+EbvtaCCXdP6T7O7NzCiPuHRhFLWnzXIaXX3CxAz0nI5My9spHQ==",
      "license": "Apache-2.0",
      "dependencies": {
        "@aws-sdk/types": "^3.973.5",
        "@aws-sdk/xml-builder": "^3.972.10",
        "@smithy/core": "^3.23.9",
        "@smithy/node-config-provider": "^4.3.11",
        "@smithy/property-provider": "^4.2.11",
        "@smithy/protocol-http": "^5.3.11",
        "@smithy/signature-v4": "^5.3.11",
        "@smithy/smithy-client": "^4.12.3",
        "@smithy/types": "^4.13.0",
        "@smithy/util-base64": "^4.3.2",
        "@smithy/util-middleware": "^4.2.11",
        "@smithy/util-utf8": "^4.2.2",
        "tslib": "^2.6.2"
      },
      "engines": {
        "node": ">=20.0.0"
      }
    },
    "node_modules/@aws-sdk/credential-provider-env": {
      "version": "3.972.17",
      "license": "Apache-2.0",
      "dependencies": {
        "@aws-sdk/core": "^3.973.19",
        "@aws-sdk/types": "^3.973.5",
        "@smithy/property-provider": "^4.2.11",
        "@smithy/types": "^4.13.0",
        "tslib": "^2.6.2"
      },
      "engines": {
        "node": ">=20.0.0"
      }
    },
    "node_modules/@aws-sdk/credential-provider-http": {
      "version": "3.972.19",
      "license": "Apache-2.0",
      "dependencies": {
        "@aws-sdk/core": "^3.973.19",
        "@aws-sdk/types": "^3.973.5",
        "@smithy/fetch-http-handler": "^5.3.13",
        "@smithy/node-http-handler": "^4.4.14",
        "@smithy/property-provider": "^4.2.11",
        "@smithy/protocol-http": "^5.3.11",
        "@smithy/smithy-client": "^4.12.3",
        "@smithy/types": "^4.13.0",
        "@smithy/util-stream": "^4.5.17",
        "tslib": "^2.6.2"
      },
      "engines": {
        "node": ">=20.0.0"
      }
    },
    "node_modules/@aws-sdk/credential-provider-ini": {
      "version": "3.972.18",
      "license": "Apache-2.0",
      "dependencies": {
        "@aws-sdk/core": "^3.973.19",
        "@aws-sdk/credential-provider-env": "^3.972.17",
        "@aws-sdk/credential-provider-http": "^3.972.19",
        "@aws-sdk/credential-provider-login": "^3.972.18",
        "@aws-sdk/credential-provider-process": "^3.972.17",
        "@aws-sdk/credential-provider-sso": "^3.972.18",
        "@aws-sdk/credential-provider-web-identity": "^3.972.18",
        "@aws-sdk/nested-clients": "^3.996.8",
        "@aws-sdk/types": "^3.973.5",
        "@smithy/credential-provider-imds": "^4.2.11",
        "@smithy/property-provider": "^4.2.11",
        "@smithy/shared-ini-file-loader": "^4.4.6",
        "@smithy/types": "^4.13.0",
        "tslib": "^2.6.2"
      },
      "engines": {
        "node": ">=20.0.0"
      }
    },
    "node_modules/@aws-sdk/credential-provider-login": {
      "version": "3.972.18",
      "license": "Apache-2.0",
      "dependencies": {
        "@aws-sdk/core": "^3.973.19",
        "@aws-sdk/nested-clients": "^3.996.8",
        "@aws-sdk/types": "^3.973.5",
        "@smithy/property-provider": "^4.2.11",
        "@smithy/protocol-http": "^5.3.11",
        "@smithy/shared-ini-file-loader": "^4.4.6",
        "@smithy/types": "^4.13.0",
        "tslib": "^2.6.2"
      },
      "engines": {
        "node": ">=20.0.0"
      }
    },
    "node_modules/@aws-sdk/credential-provider-node": {
      "version": "3.972.19",
      "license": "Apache-2.0",
      "dependencies": {
        "@aws-sdk/credential-provider-env": "^3.972.17",
        "@aws-sdk/credential-provider-http": "^3.972.19",
        "@aws-sdk/credential-provider-ini": "^3.972.18",
        "@aws-sdk/credential-provider-process": "^3.972.17",
        "@aws-sdk/credential-provider-sso": "^3.972.18",
        "@aws-sdk/credential-provider-web-identity": "^3.972.18",
        "@aws-sdk/types": "^3.973.5",
        "@smithy/credential-provider-imds": "^4.2.11",
        "@smithy/property-provider": "^4.2.11",
        "@smithy/shared-ini-file-loader": "^4.4.6",
        "@smithy/types": "^4.13.0",
        "tslib": "^2.6.2"
      },
      "engines": {
        "node": ">=20.0.0"
      }
    },
    "node_modules/@aws-sdk/credential-provider-process": {
      "version": "3.972.17",
      "license": "Apache-2.0",
      "dependencies": {
        "@aws-sdk/core": "^3.973.19",
        "@aws-sdk/types": "^3.973.5",
        "@smithy/property-provider": "^4.2.11",
        "@smithy/shared-ini-file-loader": "^4.4.6",
        "@smithy/types": "^4.13.0",
        "tslib": "^2.6.2"
      },
      "engines": {
        "node": ">=20.0.0"
      }
    },
    "node_modules/@aws-sdk/credential-provider-sso": {
      "version": "3.972.18",
      "license": "Apache-2.0",
      "dependencies": {
        "@aws-sdk/core": "^3.973.19",
        "@aws-sdk/nested-clients": "^3.996.8",
        "@aws-sdk/token-providers": "3.1005.0",
        "@aws-sdk/types": "^3.973.5",
        "@smithy/property-provider": "^4.2.11",
        "@smithy/shared-ini-file-loader": "^4.4.6",
        "@smithy/types": "^4.13.0",
        "tslib": "^2.6.2"
      },
      "engines": {
        "node": ">=20.0.0"
      }
    },
    "node_modules/@aws-sdk/credential-provider-web-identity": {
      "version": "3.972.18",
      "license": "Apache-2.0",
      "dependencies": {
        "@aws-sdk/core": "^3.973.19",
        "@aws-sdk/nested-clients": "^3.996.8",
        "@aws-sdk/types": "^3.973.5",
        "@smithy/property-provider": "^4.2.11",
        "@smithy/shared-ini-file-loader": "^4.4.6",
        "@smithy/types": "^4.13.0",
        "tslib": "^2.6.2"
      },
      "engines": {
        "node": ">=20.0.0"
      }
    },
    "node_modules/@aws-sdk/dynamodb-codec": {
      "version": "3.972.20",
      "license": "Apache-2.0",
      "dependencies": {
        "@aws-sdk/core": "^3.973.19",
        "@smithy/core": "^3.23.9",
        "@smithy/smithy-client": "^4.12.3",
        "@smithy/types": "^4.13.0",
        "@smithy/util-base64": "^4.3.2",
        "tslib": "^2.6.2"
      },
      "engines": {
        "node": ">=20.0.0"
      }
    },
    "node_modules/@aws-sdk/endpoint-cache": {
      "version": "3.972.4",
      "license": "Apache-2.0",
      "dependencies": {
        "mnemonist": "0.38.3",
        "tslib": "^2.6.2"
      },
      "engines": {
        "node": ">=20.0.0"
      }
    },
    "node_modules/@aws-sdk/lib-dynamodb": {
      "version": "3.1005.0",
      "license": "Apache-2.0",
      "dependencies": {
        "@aws-sdk/core": "^3.973.19",
        "@aws-sdk/util-dynamodb": "^3.996.2",
        "@smithy/core": "^3.23.9",
        "@smithy/smithy-client": "^4.12.3",
        "@smithy/types": "^4.13.0",
        "tslib": "^2.6.2"
      },
      "engines": {
        "node": ">=20.0.0"
      },
      "peerDependencies": {
        "@aws-sdk/client-dynamodb": "^3.1005.0"
      }
    },
    "node_modules/@aws-sdk/middleware-endpoint-discovery": {
      "version": "3.972.7",
      "license": "Apache-2.0",
      "dependencies": {
        "@aws-sdk/endpoint-cache": "^3.972.4",
        "@aws-sdk/types": "^3.973.5",
        "@smithy/node-config-provider": "^4.3.11",
        "@smithy/protocol-http": "^5.3.11",
        "@smithy/types": "^4.13.0",
        "tslib": "^2.6.2"
      },
      "engines": {
        "node": ">=20.0.0"
      }
    },
    "node_modules/@aws-sdk/middleware-host-header": {
      "version": "3.972.7",
      "license": "Apache-2.0",
      "dependencies": {
        "@aws-sdk/types": "^3.973.5",
        "@smithy/protocol-http": "^5.3.11",
        "@smithy/types": "^4.13.0",
        "tslib": "^2.6.2"
      },
      "engines": {
        "node": ">=20.0.0"
      }
    },
    "node_modules/@aws-sdk/middleware-logger": {
      "version": "3.972.7",
      "license": "Apache-2.0",
      "dependencies": {
        "@aws-sdk/types": "^3.973.5",
        "@smithy/types": "^4.13.0",
        "tslib": "^2.6.2"
      },
      "engines": {
        "node": ">=20.0.0"
      }
    },
    "node_modules/@aws-sdk/middleware-recursion-detection": {
      "version": "3.972.7",
      "license": "Apache-2.0",
      "dependencies": {
        "@aws-sdk/types": "^3.973.5",
        "@aws/lambda-invoke-store": "^0.2.2",
        "@smithy/protocol-http": "^5.3.11",
        "@smithy/types": "^4.13.0",
        "tslib": "^2.6.2"
      },
      "engines": {
        "node": ">=20.0.0"
      }
    },
    "node_modules/@aws-sdk/middleware-user-agent": {
      "version": "3.972.20",
      "license": "Apache-2.0",
      "dependencies": {
        "@aws-sdk/core": "^3.973.19",
        "@aws-sdk/types": "^3.973.5",
        "@aws-sdk/util-endpoints": "^3.996.4",
        "@smithy/core": "^3.23.9",
        "@smithy/protocol-http": "^5.3.11",
        "@smithy/types": "^4.13.0",
        "@smithy/util-retry": "^4.2.11",
        "tslib": "^2.6.2"
      },
      "engines": {
        "node": ">=20.0.0"
      }
    },
    "node_modules/@aws-sdk/nested-clients": {},
    "node_modules/@aws-sdk/region-config-resolver": {
      "version": "3.972.7",
      "license": "Apache-2.0",
      "dependencies": {
        "@aws-sdk/types": "^3.973.5",
        "@smithy/config-resolver": "^4.4.10",
        "@smithy/node-config-provider": "^4.3.11",
        "@smithy/types": "^4.13.0",
        "tslib": "^2.6.2"
      },
      "engines": {
        "node": ">=20.0.0"
      }
    },
    "node_modules/@aws-sdk/token-providers": {
      "version": "3.1005.0",
      "license": "Apache-2.0",
      "dependencies": {
        "@aws-sdk/core": "^3.973.19",
        "@aws-sdk/nested-clients": "^3.996.8",
        "@aws-sdk/types": "^3.973.5",
        "@smithy/property-provider": "^4.2.11",
        "@smithy/shared-ini-file-loader": "^4.4.6",
        "@smithy/types": "^4.13.0",
        "tslib": "^2.6.2"
      },
      "engines": {
        "node": ">=20.0.0"
      }
    },
    "node_modules/@aws-sdk/types": {
      "version": "3.973.5",
      "resolved": "https://registry.npmjs.org/@aws-sdk/types/-/types-3.973.5.tgz",
      "integrity": "sha512-hl7BGwDCWsjH8NkZfx+HgS7H2LyM2lTMAI7ba9c8O0KqdBLTdNJivsHpqjg9rNlAlPyREb6DeDRXUl0s8uFdmQ==",
      "license": "Apache-2.0",
      "dependencies": {
        "@smithy/types": "^4.13.0",
        "tslib": "^2.6.2"
      },
      "engines": {
        "node": ">=20.0.0"
      }
    },
    "node_modules/@aws-sdk/util-dynamodb": {
      "version": "3.996.2",
      "license": "Apache-2.0",
      "dependencies": {
        "tslib": "^2.6.2"
      },
      "engines": {
        "node": ">=20.0.0"
      },
      "peerDependencies": {
        "@aws-sdk/client-dynamodb": "^3.1003.0"
      }
    },
    "node_modules/@aws-sdk/util-endpoints": {
      "version": "3.996.4",
      "license": "Apache-2.0",
      "dependencies": {
        "@aws-sdk/types": "^3.973.5",
        "@smithy/types": "^4.13.0",
        "@smithy/url-parser": "^4.2.11",
        "@smithy/util-endpoints": "^3.3.2",
        "tslib": "^2.6.2"
      },
      "engines": {
        "node": ">=20.0.0"
      }
    },
    "node_modules/@aws-sdk/util-locate-window": {
      "version": "3.965.5",
      "license": "Apache-2.0",
      "dependencies": {
        "tslib": "^2.6.2"
      },
      "engines": {
        "node": ">=20.0.0"
      }
    },
    "node_modules/@aws-sdk/util-user-agent-browser": {
      "version": "3.972.7",
      "license": "Apache-2.0",
      "dependencies": {
        "@aws-sdk/types": "^3.973.5",
        "@smithy/types": "^4.13.0",
        "bowser": "^2.11.0",
        "tslib": "^2.6.2"
      }
    },
    "node_modules/@aws-sdk/util-user-agent-node": {
      "version": "3.973.5",
      "license": "Apache-2.0",
      "dependencies": {
        "@aws-sdk/middleware-user-agent": "^3.972.20",
        "@aws-sdk/types": "^3.973.5",
        "@smithy/node-config-provider": "^4.3.11",
        "@smithy/types": "^4.13.0",
        "tslib": "^2.6.2"
      },
      "engines": {
        "node": ">=20.0.0"
      },
      "peerDependencies": {
        "aws-crt": ">=1.0.0"
      },
      "peerDependenciesMeta": {
        "aws-crt": {
          "optional": true
        }
      }
    },
    "node_modules/@aws-sdk/xml-builder": {
      "version": "3.972.10",
      "license": "Apache-2.0",
      "dependencies": {
        "@smithy/types": "^4.13.0",
        "fast-xml-parser": "5.4.1",
        "tslib": "^2.6.2"
      },
      "engines": {
        "node": ">=20.0.0"
      }
    },
    "node_modules/@aws/lambda-invoke-store": {
      "version": "0.2.3",
      "license": "Apache-2.0",
      "engines": {
        "node": ">=18.0.0"
      }
    },
    "node_modules/@babel/runtime": {
      "version": "7.28.6",
      "resolved": "https://registry.npmjs.org/@babel/runtime/-/runtime-7.28.6.tgz",
      "integrity": "sha512-05WQkdpL9COIMz4LjTxGpPNCdlpyimKppYNoJ5Di5EUObifl8t4tuLuUBBZEpoLYOmfvIWrsp9fCl0HoPRVTdA==",
      "license": "MIT",
      "engines": {
        "node": ">=6.9.0"
      }
    },
    "node_modules/@microsoft/microsoft-graph-client": {
      "version": "3.0.7",
      "resolved": "https://registry.npmjs.org/@microsoft/microsoft-graph-client/-/microsoft-graph-client-3.0.7.tgz",
      "integrity": "sha512-/AazAV/F+HK4LIywF9C+NYHcJo038zEnWkteilcxC1FM/uK/4NVGDKGrxx7nNq1ybspAroRKT4I1FHfxQzxkUw==",
      "license": "MIT",
      "dependencies": {
        "@babel/runtime": "^7.12.5",
        "tslib": "^2.2.0"
      },
      "engines": {
        "node": ">=12.0.0"
      },
      "peerDependenciesMeta": {
        "@azure/identity": {
          "optional": true
        },
        "@azure/msal-browser": {
          "optional": true
        },
        "buffer": {
          "optional": true
        },
        "stream-browserify": {
          "optional": true
        }
      }
    },
    "node_modules/@smithy/abort-controller": {
      "version": "4.2.11",
      "license": "Apache-2.0",
      "dependencies": {
        "@smithy/types": "^4.13.0",
        "tslib": "^2.6.2"
      },
      "engines": {
        "node": ">=18.0.0"
      }
    },
    "node_modules/@smithy/config-resolver": {
      "version": "4.4.10",
      "license": "Apache-2.0",
      "dependencies": {
        "@smithy/node-config-provider": "^4.3.11",
        "@smithy/types": "^4.13.0",
        "@smithy/util-config-provider": "^4.2.2",
        "@smithy/util-endpoints": "^3.3.2",
        "@smithy/util-middleware": "^4.2.11",
        "tslib": "^2.6.2"
      },
      "engines": {
        "node": ">=18.0.0"
      }
    },
    "node_modules/@smithy/core": {
      "version": "3.23.9",
      "resolved": "https://registry.npmjs.org/@smithy/core/-/core-3.23.9.tgz",
      "integrity": "sha512-1Vcut4LEL9HZsdpI0vFiRYIsaoPwZLjAxnVQDUMQK8beMS+EYPLDQCXtbzfxmM5GzSgjfe2Q9M7WaXwIMQllyQ==",
      "license": "Apache-2.0",
      "dependencies": {
        "@smithy/middleware-serde": "^4.2.12",
        "@smithy/protocol-http": "^5.3.11",
        "@smithy/types": "^4.13.0",
        "@smithy/util-base64": "^4.3.2",
        "@smithy/util-body-length-browser": "^4.2.2",
        "@smithy/util-middleware": "^4.2.11",
        "@smithy/util-stream": "^4.5.17",
        "@smithy/util-utf8": "^4.2.2",
        "@smithy/uuid": "^1.1.2",
        "tslib": "^2.6.2"
      },
      "engines": {
        "node": ">=18.0.0"
      }
    },
    "node_modules/@smithy/credential-provider-imds": {
      "version": "4.2.11",
      "license": "Apache-2.0",
      "dependencies": {
        "@smithy/node-config-provider": "^4.3.11",
        "@smithy/property-provider": "^4.2.11",
        "@smithy/types": "^4.13.0",
        "@smithy/url-parser": "^4.2.11",
        "tslib": "^2.6.2"
      },
      "engines": {
        "node": ">=18.0.0"
      }
    },
    "node_modules/@smithy/fetch-http-handler": {
      "version": "5.3.13",
      "license": "Apache-2.0",
      "dependencies": {
        "@smithy/protocol-http": "^5.3.11",
        "@smithy/querystring-builder": "^4.2.11",
        "@smithy/types": "^4.13.0",
        "@smithy/util-base64": "^4.3.2",
        "tslib": "^2.6.2"
      },
      "engines": {
        "node": ">=18.0.0"
      }
    },
    "node_modules/@smithy/hash-node": {
      "version": "4.2.11",
      "license": "Apache-2.0",
      "dependencies": {
        "@smithy/types": "^4.13.0",
        "@smithy/util-buffer-from": "^4.2.2",
        "@smithy/util-utf8": "^4.2.2",
        "tslib": "^2.6.2"
      },
      "engines": {
        "node": ">=18.0.0"
      }
    },
    "node_modules/@smithy/invalid-dependency": {
      "version": "4.2.11",
      "license": "Apache-2.0",
      "dependencies": {
        "@smithy/types": "^4.13.0",
        "tslib": "^2.6.2"
      },
      "engines": {
        "node": ">=18.0.0"
      }
    },
    "node_modules/@smithy/is-array-buffer": {
      "version": "4.2.2",
      "license": "Apache-2.0",
      "dependencies": {
        "tslib": "^2.6.2"
      },
      "engines": {
        "node": ">=18.0.0"
      }
    },
    "node_modules/@smithy/middleware-content-length": {
      "version": "4.2.11",
      "license": "Apache-2.0",
      "dependencies": {
        "@smithy/protocol-http": "^5.3.11",
        "@smithy/types": "^4.13.0",
        "tslib": "^2.6.2"
      },
      "engines": {
        "node": ">=18.0.0"
      }
    },
    "node_modules/@smithy/middleware-endpoint": {
      "version": "4.4.23",
      "license": "Apache-2.0",
      "dependencies": {
        "@smithy/core": "^3.23.9",
        "@smithy/middleware-serde": "^4.2.12",
        "@smithy/node-config-provider": "^4.3.11",
        "@smithy/shared-ini-file-loader": "^4.4.6",
        "@smithy/types": "^4.13.0",
        "@smithy/url-parser": "^4.2.11",
        "@smithy/util-middleware": "^4.2.11",
        "tslib": "^2.6.2"
      },
      "engines": {
        "node": ">=18.0.0"
      }
    },
    "node_modules/@smithy/middleware-retry": {
      "version": "4.4.40",
      "license": "Apache-2.0",
      "dependencies": {
        "@smithy/node-config-provider": "^4.3.11",
        "@smithy/protocol-http": "^5.3.11",
        "@smithy/service-error-classification": "^4.2.11",
        "@smithy/smithy-client": "^4.12.3",
        "@smithy/types": "^4.13.0",
        "@smithy/util-middleware": "^4.2.11",
        "@smithy/util-retry": "^4.2.11",
        "@smithy/uuid": "^1.1.2",
        "tslib": "^2.6.2"
      },
      "engines": {
        "node": ">=18.0.0"
      }
    },
    "node_modules/@smithy/middleware-serde": {
      "version": "4.2.12",
      "license": "Apache-2.0",
      "dependencies": {
        "@smithy/protocol-http": "^5.3.11",
        "@smithy/types": "^4.13.0",
        "tslib": "^2.6.2"
      },
      "engines": {
        "node": ">=18.0.0"
      }
    },
    "node_modules/@smithy/middleware-stack": {
      "version": "4.2.11",
      "license": "Apache-2.0",
      "dependencies": {
        "@smithy/types": "^4.13.0",
        "tslib": "^2.6.2"
      },
      "engines": {
        "node": ">=18.0.0"
      }
    },
    "node_modules/@smithy/node-config-provider": {
      "version": "4.3.11",
      "license": "Apache-2.0",
      "dependencies": {
        "@smithy/property-provider": "^4.2.11",
        "@smithy/shared-ini-file-loader": "^4.4.6",
        "@smithy/types": "^4.13.0",
        "tslib": "^2.6.2"
      },
      "engines": {
        "node": ">=18.0.0"
      }
    },
    "node_modules/@smithy/node-http-handler": {
      "version": "4.4.14",
      "license": "Apache-2.0",
      "dependencies": {
        "@smithy/abort-controller": "^4.2.11",
        "@smithy/protocol-http": "^5.3.11",
        "@smithy/querystring-builder": "^4.2.11",
        "@smithy/types": "^4.13.0",
        "tslib": "^2.6.2"
      },
      "engines": {
        "node": ">=18.0.0"
      }
    },
    "node_modules/@smithy/property-provider": {
      "version": "4.2.11",
      "license": "Apache-2.0",
      "dependencies": {
        "@smithy/types": "^4.13.0",
        "tslib": "^2.6.2"
      },
      "engines": {
        "node": ">=18.0.0"
      }
    },
    "node_modules/@smithy/protocol-http": {
      "version": "5.3.11",
      "license": "Apache-2.0",
      "dependencies": {
        "@smithy/types": "^4.13.0",
        "tslib": "^2.6.2"
      },
      "engines": {
        "node": ">=18.0.0"
      }
    },
    "node_modules/@smithy/querystring-builder": {
      "version": "4.2.11",
      "license": "Apache-2.0",
      "dependencies": {
        "@smithy/types": "^4.13.0",
        "@smithy/util-uri-escape": "^4.2.2",
        "tslib": "^2.6.2"
      },
      "engines": {
        "node": ">=18.0.0"
      }
    },
    "node_modules/@smithy/querystring-parser": {
      "version": "4.2.11",
      "license": "Apache-2.0",
      "dependencies": {
        "@smithy/types": "^4.13.0",
        "tslib": "^2.6.2"
      },
      "engines": {
        "node": ">=18.0.0"
      }
    },
    "node_modules/@smithy/service-error-classification": {
      "version": "4.2.11",
      "license": "Apache-2.0",
      "dependencies": {
        "@smithy/types": "^4.13.0"
      },
      "engines": {
        "node": ">=18.0.0"
      }
    },
    "node_modules/@smithy/shared-ini-file-loader": {
      "version": "4.4.6",
      "license": "Apache-2.0",
      "dependencies": {
        "@smithy/types": "^4.13.0",
        "tslib": "^2.6.2"
      },
      "engines": {
        "node": ">=18.0.0"
      }
    },
    "node_modules/@smithy/signature-v4": {
      "version": "5.3.11",
      "license": "Apache-2.0",
      "dependencies": {
        "@smithy/is-array-buffer": "^4.2.2",
        "@smithy/protocol-http": "^5.3.11",
        "@smithy/types": "^4.13.0",
        "@smithy/util-hex-encoding": "^4.2.2",
        "@smithy/util-middleware": "^4.2.11",
        "@smithy/util-uri-escape": "^4.2.2",
        "@smithy/util-utf8": "^4.2.2",
        "tslib": "^2.6.2"
      },
      "engines": {
        "node": ">=18.0.0"
      }
    },
    "node_modules/@smithy/smithy-client": {
      "version": "4.12.3",
      "license": "Apache-2.0",
      "dependencies": {
        "@smithy/core": "^3.23.9",
        "@smithy/middleware-endpoint": "^4.4.23",
        "@smithy/middleware-stack": "^4.2.11",
        "@smithy/protocol-http": "^5.3.11",
        "@smithy/types": "^4.13.0",
        "@smithy/util-stream": "^4.5.17",
        "tslib": "^2.6.2"
      },
      "engines": {
        "node": ">=18.0.0"
      }
    },
    "node_modules/@smithy/types": {
      "version": "4.13.0",
      "resolved": "https://registry.npmjs.org/@smithy/types/-/types-4.13.0.tgz",
      "integrity": "sha512-COuLsZILbbQsdrwKQpkkpyep7lCsByxwj7m0Mg5v66/ZTyenlfBc40/QFQ5chO0YN/PNEH1Bi3fGtfXPnYNeDw==",
      "license": "Apache-2.0",
      "dependencies": {
        "tslib": "^2.6.2"
      },
      "engines": {
        "node": ">=18.0.0"
      }
    },
    "node_modules/@smithy/url-parser": {
      "version": "4.2.11",
      "license": "Apache-2.0",
      "dependencies": {
        "@smithy/querystring-parser": "^4.2.11",
        "@smithy/types": "^4.13.0",
        "tslib": "^2.6.2"
      },
      "engines": {
        "node": ">=18.0.0"
      }
    },
    "node_modules/@smithy/util-base64": {
      "version": "4.3.2",
      "license": "Apache-2.0",
      "dependencies": {
        "@smithy/util-buffer-from": "^4.2.2",
        "@smithy/util-utf8": "^4.2.2",
        "tslib": "^2.6.2"
      },
      "engines": {
        "node": ">=18.0.0"
      }
    },
    "node_modules/@smithy/util-body-length-browser": {
      "version": "4.2.2",
      "license": "Apache-2.0",
      "dependencies": {
        "tslib": "^2.6.2"
      },
      "engines": {
        "node": ">=18.0.0"
      }
    },
    "node_modules/@smithy/util-body-length-node": {
      "version": "4.2.3",
      "license": "Apache-2.0",
      "dependencies": {
        "tslib": "^2.6.2"
      },
      "engines": {
        "node": ">=18.0.0"
      }
    },
    "node_modules/@smithy/util-buffer-from": {
      "version": "4.2.2",
      "license": "Apache-2.0",
      "dependencies": {
        "@smithy/is-array-buffer": "^4.2.2",
        "tslib": "^2.6.2"
      },
      "engines": {
        "node": ">=18.0.0"
      }
    },
    "node_modules/@smithy/util-config-provider": {
      "version": "4.2.2",
      "license": "Apache-2.0",
      "dependencies": {
        "tslib": "^2.6.2"
      },
      "engines": {
        "node": ">=18.0.0"
      }
    },
    "node_modules/@smithy/util-defaults-mode-browser": {
      "version": "4.3.39",
      "license": "Apache-2.0",
      "dependencies": {
        "@smithy/property-provider": "^4.2.11",
        "@smithy/smithy-client": "^4.12.3",
        "@smithy/types": "^4.13.0",
        "tslib": "^2.6.2"
      },
      "engines": {
        "node": ">=18.0.0"
      }
    },
    "node_modules/@smithy/util-defaults-mode-node": {
      "version": "4.2.42",
      "license": "Apache-2.0",
      "dependencies": {
        "@smithy/config-resolver": "^4.4.10",
        "@smithy/credential-provider-imds": "^4.2.11",
        "@smithy/node-config-provider": "^4.3.11",
        "@smithy/property-provider": "^4.2.11",
        "@smithy/smithy-client": "^4.12.3",
        "@smithy/types": "^4.13.0",
        "tslib": "^2.6.2"
      },
      "engines": {
        "node": ">=18.0.0"
      }
    },
    "node_modules/@smithy/util-endpoints": {
      "version": "3.3.2",
      "resolved": "https://registry.npmjs.org/@smithy/util-endpoints/-/util-endpoints-3.3.2.tgz",
      "integrity": "sha512-+4HFLpE5u29AbFlTdlKIT7jfOzZ8PDYZKTb3e+AgLz986OYwqTourQ5H+jg79/66DB69Un1+qKecLnkZdAsYcA==",
      "license": "Apache-2.0",
      "dependencies": {
        "@smithy/node-config-provider": "^4.3.11",
        "@smithy/types": "^4.13.0",
        "tslib": "^2.6.2"
      },
      "engines": {
        "node": ">=18.0.0"
      }
    },
    "node_modules/@smithy/util-hex-encoding": {
      "version": "4.2.2",
      "license": "Apache-2.0",
      "dependencies": {
        "tslib": "^2.6.2"
      },
      "engines": {
        "node": ">=18.0.0"
      }
    },
    "node_modules/@smithy/util-middleware": {
      "version": "4.2.11",
      "license": "Apache-2.0",
      "dependencies": {
        "@smithy/types": "^4.13.0",
        "tslib": "^2.6.2"
      },
      "engines": {
        "node": ">=18.0.0"
      }
    },
    "node_modules/@smithy/util-retry": {
      "version": "4.2.11",
      "license": "Apache-2.0",
      "dependencies": {
        "@smithy/service-error-classification": "^4.2.11",
        "@smithy/types": "^4.13.0",
        "tslib": "^2.6.2"
      },
      "engines": {
        "node": ">=18.0.0"
      }
    },
    "node_modules/@smithy/util-stream": {
      "version": "4.5.17",
      "license": "Apache-2.0",
      "dependencies": {
        "@smithy/fetch-http-handler": "^5.3.13",
        "@smithy/node-http-handler": "^4.4.14",
        "@smithy/types": "^4.13.0",
        "@smithy/util-base64": "^4.3.2",
        "@smithy/util-buffer-from": "^4.2.2",
        "@smithy/util-hex-encoding": "^4.2.2",
        "@smithy/util-utf8": "^4.2.2",
        "tslib": "^2.6.2"
      },
      "engines": {
        "node": ">=18.0.0"
      }
    },
    "node_modules/@smithy/util-uri-escape": {
      "version": "4.2.2",
      "license": "Apache-2.0",
      "dependencies": {
        "tslib": "^2.6.2"
      },
      "engines": {
        "node": ">=18.0.0"
      }
    },
    "node_modules/@smithy/util-utf8": {
      "version": "4.2.2",
      "license": "Apache-2.0",
      "dependencies": {
        "@smithy/util-buffer-from": "^4.2.2",
        "tslib": "^2.6.2"
      },
      "engines": {
        "node": ">=18.0.0"
      }
    },
    "node_modules/@smithy/util-waiter": {
      "version": "4.2.11",
      "license": "Apache-2.0",
      "dependencies": {
        "@smithy/abort-controller": "^4.2.11",
        "@smithy/types": "^4.13.0",
        "tslib": "^2.6.2"
      },
      "engines": {
        "node": ">=18.0.0"
      }
    },
    "node_modules/@smithy/uuid": {
      "version": "1.1.2",
      "license": "Apache-2.0",
      "dependencies": {
        "tslib": "^2.6.2"
      },
      "engines": {
        "node": ">=18.0.0"
      }
    },
    "node_modules/bowser": {
      "version": "2.14.1",
      "license": "MIT"
    },
    "node_modules/fast-xml-parser": {},
    "node_modules/isomorphic-fetch": {
      "version": "3.0.0",
      "license": "MIT",
      "dependencies": {
        "node-fetch": "^2.6.1",
        "whatwg-fetch": "^3.4.1"
      }
    },
    "node_modules/mnemonist": {
      "version": "0.38.3",
      "license": "MIT",
      "dependencies": {
        "obliterator": "^1.6.1"
      }
    },
    "node_modules/node-fetch": {
      "version": "2.7.0",
      "license": "MIT",
      "dependencies": {
        "whatwg-url": "^5.0.0"
      },
      "engines": {
        "node": "4.x || >=6.0.0"
      },
      "peerDependencies": {
        "encoding": "^0.1.0"
      },
      "peerDependenciesMeta": {
        "encoding": {
          "optional": true
        }
      }
    },
    "node_modules/obliterator": {
      "version": "1.6.1",
      "license": "MIT"
    },
    "node_modules/tr46": {
      "version": "0.0.3",
      "license": "MIT"
    },
    "node_modules/tslib": {
      "version": "2.8.1",
      "license": "0BSD"
    },
    "node_modules/webidl-conversions": {
      "version": "3.0.1",
      "license": "BSD-2-Clause"
    },
    "node_modules/whatwg-fetch": {
      "version": "3.6.20",
      "license": "MIT"
    },
    "node_modules/whatwg-url": {
      "version": "5.0.0",
      "license": "MIT",
      "dependencies": {
        "tr46": "~0.0.3",
        "webidl-conversions": "^3.0.0"
      }
    }
  }
}
